# THIS IS AN AUTOGENERATED FILE. DO NOT EDIT THIS FILE DIRECTLY.
# yarn lockfile v1


lodash@^4.17.15:
  version "4.17.15"
  resolved "https://registry.yarnpkg.com/lodash/-/lodash-4.17.15.tgz#b447f6670a0455bbfeedd11392eff330ea097548"
  integrity sha512-8xOcRHvCjnocdS5cpwXQXVzmmh5e5+saE2QGoeQmbKmRS6J3VQppPOIt0MnmE+4xlZoumy0GPG0D0MVIQbNA1A==

mustache@^4.0.1:
  version "4.0.1"
  resolved "https://registry.yarnpkg.com/mustache/-/mustache-4.0.1.tgz#d99beb031701ad433338e7ea65e0489416c854a2"
  integrity sha512-yL5VE97+OXn4+Er3THSmTdCFCtx5hHWzrolvH+JObZnUYwuaG7XV+Ch4fR2cIrcYI0tFHxS7iyFYl14bW8y2sA==

serverless-core-hooks@^0.0.2-3:
  version "0.0.2-3"
  resolved "https://registry.yarnpkg.com/serverless-core-hooks/-/serverless-core-hooks-0.0.2-3.tgz#da54746fc3ee3855343208e8ccb72db159f19dcb"
  integrity sha512-MT1hxq9gSQ+FERHQyu1IByHojgf0oNJXQB9eumJ60SzFZxABPXrAwoOkBxlIUVciZI0uE1rDEcYopJbBagIk9g==
  dependencies:
    lodash "^4.17.15"
